
Microsoft Visual Studio Solution File, Format Version 12.00
# Visual Studio Version 17
VisualStudioVersion = 17.5.33424.131
MinimumVisualStudioVersion = 10.0.40219.1
Project("{FAE04EC0-301F-11D3-BF4B-00C04F79EFBC}") = "MVCClient", "MVCClient.csproj", "{529EFE8D-36B3-4C2A-B55F-F248F68A0109}"
EndProject
Global
	GlobalSection(SolutionConfigurationPlatforms) = preSolution
		Debug|Any CPU = Debug|Any CPU
		Release|Any CPU = Release|Any CPU
	EndGlobalSection
	GlobalSection(ProjectConfigurationPlatforms) = postSolution
		{529EFE8D-36B3-4C2A-B55F-F248F68A0109}.Debug|Any CPU.ActiveCfg = Debug|Any CPU
		{529EFE8D-36B3-4C2A-B55F-F248F68A0109}.Debug|Any CPU.Build.0 = Debug|Any CPU
		{529EFE8D-36B3-4C2A-B55F-F248F68A0109}.Release|Any CPU.ActiveCfg = Release|Any CPU
		{529EFE8D-36B3-4C2A-B55F-F248F68A0109}.Release|Any CPU.Build.0 = Release|Any CPU
	EndGlobalSection
	GlobalSection(SolutionProperties) = preSolution
		HideSolutionNode = FALSE
	EndGlobalSection
	GlobalSection(ExtensibilityGlobals) = postSolution
		SolutionGuid = {8565D827-7DBF-4B8C-903B-05A5FCFAD401}
	EndGlobalSection
EndGlobal
