
Microsoft Visual Studio Solution File, Format Version 12.00
# Visual Studio Version 17
VisualStudioVersion = 17.5.33424.131
MinimumVisualStudioVersion = 10.0.40219.1
Project("{FAE04EC0-301F-11D3-BF4B-00C04F79EFBC}") = "API1", "API1.csproj", "{49F54537-34C1-4AFE-901A-748F01CEA887}"
EndProject
Global
	GlobalSection(SolutionConfigurationPlatforms) = preSolution
		Debug|Any CPU = Debug|Any CPU
		Release|Any CPU = Release|Any CPU
	EndGlobalSection
	GlobalSection(ProjectConfigurationPlatforms) = postSolution
		{49F54537-34C1-4AFE-901A-748F01CEA887}.Debug|Any CPU.ActiveCfg = Debug|Any CPU
		{49F54537-34C1-4AFE-901A-748F01CEA887}.Debug|Any CPU.Build.0 = Debug|Any CPU
		{49F54537-34C1-4AFE-901A-748F01CEA887}.Release|Any CPU.ActiveCfg = Release|Any CPU
		{49F54537-34C1-4AFE-901A-748F01CEA887}.Release|Any CPU.Build.0 = Release|Any CPU
	EndGlobalSection
	GlobalSection(SolutionProperties) = preSolution
		HideSolutionNode = FALSE
	EndGlobalSection
	GlobalSection(ExtensibilityGlobals) = postSolution
		SolutionGuid = {95B5C6E9-CBAD-4AF2-AA16-851056023BAB}
	EndGlobalSection
EndGlobal
